
Microsoft Visual Studio Solution File, Format Version 12.00
# Visual Studio Version 17
VisualStudioVersion = 17.10.35013.160
MinimumVisualStudioVersion = 10.0.40219.1
Project("{FAE04EC0-301F-11D3-BF4B-00C04F79EFBC}") = "HomeWork Make You Pro", "HomeWork Make You Pro\HomeWork Make You Pro.csproj", "{A7A3EC52-44CA-423F-8DCA-A40E953DF154}"
EndProject
Global
	GlobalSection(SolutionConfigurationPlatforms) = preSolution
		Debug|Any CPU = Debug|Any CPU
		Release|Any CPU = Release|Any CPU
	EndGlobalSection
	GlobalSection(ProjectConfigurationPlatforms) = postSolution
		{A7A3EC52-44CA-423F-8DCA-A40E953DF154}.Debug|Any CPU.ActiveCfg = Debug|Any CPU
		{A7A3EC52-44CA-423F-8DCA-A40E953DF154}.Debug|Any CPU.Build.0 = Debug|Any CPU
		{A7A3EC52-44CA-423F-8DCA-A40E953DF154}.Release|Any CPU.ActiveCfg = Release|Any CPU
		{A7A3EC52-44CA-423F-8DCA-A40E953DF154}.Release|Any CPU.Build.0 = Release|Any CPU
	EndGlobalSection
	GlobalSection(SolutionProperties) = preSolution
		HideSolutionNode = FALSE
	EndGlobalSection
	GlobalSection(ExtensibilityGlobals) = postSolution
		SolutionGuid = {2A05A239-6A6A-4453-8161-8F5E8AC2D23E}
	EndGlobalSection
EndGlobal
